{
  "object": {
    "pins": [
      {
        "package": "Starscream",
        "repositoryURL": "https://github.com/daltoniam/Starscream",
        "state": {
          "branch": null,
          "revision": "df8d82047f6654d8e4b655d1b1525c64e1059d21",
          "version": "4.0.4"
        }
      },
      {
        "package": "Swifter",
        "repositoryURL": "https://github.com/httpswift/swifter",
        "state": {
          "branch": null,
          "revision": "9483a5d459b45c3ffd059f7b55f9638e268632fd",
          "version": "1.5.0"
        }
      }
    ]
  },
  "version": 1
}
